// !$*UTF8*$!
{
	archiveVersion = 1;
	classes = {
	};
	objectVersion = 46;
	objects = {

/* Begin PBXBuildFile section */
		0B1CD6C12C8B5F50008628CC /* Animations.json in Resources */ = {isa = PBXBuildFile; fileRef = 0B1CD67D2C8B5F50008628CC /* Animations.json */; };
		0B1CD6C32C8B5F50008628CC /* CABasicAnimationStyle.json in Resources */ = {isa = PBXBuildFile; fileRef = 0B1CD67F2C8B5F50008628CC /* CABasicAnimationStyle.json */; };
		0B1CD6C52C8B5F50008628CC /* UIViewAnimationStyle.json in Resources */ = {isa = PBXBuildFile; fileRef = 0B1CD6812C8B5F50008628CC /* UIViewAnimationStyle.json */; };
		0B1CD6C72C8B5F50008628CC /* Colors.json in Resources */ = {isa = PBXBuildFile; fileRef = 0B1CD6842C8B5F50008628CC /* Colors.json */; };
		0B1CD6C92C8B5F50008628CC /* Fonts.json in Resources */ = {isa = PBXBuildFile; fileRef = 0B1CD6872C8B5F50008628CC /* Fonts.json */; };
		0B1CD6CA2C8B5F50008628CC /* FontStyle.json in Resources */ = {isa = PBXBuildFile; fileRef = 0B1CD6882C8B5F50008628CC /* FontStyle.json */; };
		0B1CD6CD2C8B5F50008628CC /* Layers.json in Resources */ = {isa = PBXBuildFile; fileRef = 0B1CD68C2C8B5F50008628CC /* Layers.json */; };
		0B1CD6CE2C8B5F50008628CC /* LayerStyle.json in Resources */ = {isa = PBXBuildFile; fileRef = 0B1CD68D2C8B5F50008628CC /* LayerStyle.json */; };
		0B1CD6D12C8B5F50008628CC /* Shadows.json in Resources */ = {isa = PBXBuildFile; fileRef = 0B1CD6912C8B5F50008628CC /* Shadows.json */; };
		0B1CD6D22C8B5F50008628CC /* ShadowStyle.json in Resources */ = {isa = PBXBuildFile; fileRef = 0B1CD6922C8B5F50008628CC /* ShadowStyle.json */; };
		0B1CD6D52C8B5F50008628CC /* Theme.json in Resources */ = {isa = PBXBuildFile; fileRef = 0B1CD6962C8B5F50008628CC /* Theme.json */; };
		0B1CD6F42C8B5F50008628CC /* Kumi.h in Headers */ = {isa = PBXBuildFile; fileRef = 0B1CD6BF2C8B5F50008628CC /* Kumi.h */; };
		0B1CD6F52C8B5FB7008628CC /* AnimationTheme.swift in Sources */ = {isa = PBXBuildFile; fileRef = 0B1CD69D2C8B5F50008628CC /* AnimationTheme.swift */; };
		0B1CD6F62C8B5FB7008628CC /* CABasicAnimationStyle.swift in Sources */ = {isa = PBXBuildFile; fileRef = 0B1CD69E2C8B5F50008628CC /* CABasicAnimationStyle.swift */; };
		0B1CD6F72C8B5FB7008628CC /* CABasicAnimationStyle+JSON.swift in Sources */ = {isa = PBXBuildFile; fileRef = 0B1CD69F2C8B5F50008628CC /* CABasicAnimationStyle+JSON.swift */; };
		0B1CD6F82C8B5FB7008628CC /* UIViewAnimationStyle.swift in Sources */ = {isa = PBXBuildFile; fileRef = 0B1CD6A02C8B5F50008628CC /* UIViewAnimationStyle.swift */; };
		0B1CD6F92C8B5FB7008628CC /* UIViewAnimationStyle+JSON.swift in Sources */ = {isa = PBXBuildFile; fileRef = 0B1CD6A12C8B5F50008628CC /* UIViewAnimationStyle+JSON.swift */; };
		0B1CD6FA2C8B5FB7008628CC /* ColorTheme.swift in Sources */ = {isa = PBXBuildFile; fileRef = 0B1CD6A32C8B5F50008628CC /* ColorTheme.swift */; };
		0B1CD6FB2C8B5FB7008628CC /* FontTheme.swift in Sources */ = {isa = PBXBuildFile; fileRef = 0B1CD6A52C8B5F50008628CC /* FontTheme.swift */; };
		0B1CD6FC2C8B5FB7008628CC /* LayerStyle.swift in Sources */ = {isa = PBXBuildFile; fileRef = 0B1CD6A72C8B5F50008628CC /* LayerStyle.swift */; };
		0B1CD6FD2C8B5FB7008628CC /* LayerStyle+JSON.swift in Sources */ = {isa = PBXBuildFile; fileRef = 0B1CD6A82C8B5F50008628CC /* LayerStyle+JSON.swift */; };
		0B1CD6FE2C8B5FB7008628CC /* LayerTheme.swift in Sources */ = {isa = PBXBuildFile; fileRef = 0B1CD6A92C8B5F50008628CC /* LayerTheme.swift */; };
		0B1CD6FF2C8B5FB7008628CC /* ShadowStyle.swift in Sources */ = {isa = PBXBuildFile; fileRef = 0B1CD6AB2C8B5F50008628CC /* ShadowStyle.swift */; };
		0B1CD7002C8B5FB7008628CC /* ShadowStyle+JSON.swift in Sources */ = {isa = PBXBuildFile; fileRef = 0B1CD6AC2C8B5F50008628CC /* ShadowStyle+JSON.swift */; };
		0B1CD7012C8B5FB7008628CC /* ShadowTheme.swift in Sources */ = {isa = PBXBuildFile; fileRef = 0B1CD6AD2C8B5F50008628CC /* ShadowTheme.swift */; };
		0B1CD7022C8B5FB7008628CC /* AlphaValue.swift in Sources */ = {isa = PBXBuildFile; fileRef = 0B1CD6AF2C8B5F50008628CC /* AlphaValue.swift */; };
		0B1CD7032C8B5FB7008628CC /* AnimationDuration.swift in Sources */ = {isa = PBXBuildFile; fileRef = 0B1CD6B02C8B5F50008628CC /* AnimationDuration.swift */; };
		0B1CD7042C8B5FB7008628CC /* BorderWidth.swift in Sources */ = {isa = PBXBuildFile; fileRef = 0B1CD6B12C8B5F50008628CC /* BorderWidth.swift */; };
		0B1CD7052C8B5FB7008628CC /* CALayerExtension.swift in Sources */ = {isa = PBXBuildFile; fileRef = 0B1CD6B22C8B5F50008628CC /* CALayerExtension.swift */; };
		0B1CD7062C8B5FB7008628CC /* CAMediaTimingFunction+JSON.swift in Sources */ = {isa = PBXBuildFile; fileRef = 0B1CD6B32C8B5F50008628CC /* CAMediaTimingFunction+JSON.swift */; };
		0B1CD7072C8B5FB7008628CC /* CATransform3D+JSON.swift in Sources */ = {isa = PBXBuildFile; fileRef = 0B1CD6B42C8B5F50008628CC /* CATransform3D+JSON.swift */; };
		0B1CD7082C8B5FB7008628CC /* CGSize+JSON.swift in Sources */ = {isa = PBXBuildFile; fileRef = 0B1CD6B52C8B5F50008628CC /* CGSize+JSON.swift */; };
		0B1CD7092C8B5FB7008628CC /* CornerRadius.swift in Sources */ = {isa = PBXBuildFile; fileRef = 0B1CD6B62C8B5F50008628CC /* CornerRadius.swift */; };
		0B1CD70A2C8B5FB7008628CC /* TextStyle+JSON.swift in Sources */ = {isa = PBXBuildFile; fileRef = 0B1CD6B72C8B5F50008628CC /* TextStyle+JSON.swift */; };
		0B1CD70B2C8B5FB7008628CC /* UIColor+Extensions.swift in Sources */ = {isa = PBXBuildFile; fileRef = 0B1CD6B82C8B5F50008628CC /* UIColor+Extensions.swift */; };
		0B1CD70C2C8B5FB7008628CC /* UIColor+JSON.swift in Sources */ = {isa = PBXBuildFile; fileRef = 0B1CD6B92C8B5F50008628CC /* UIColor+JSON.swift */; };
		0B1CD70D2C8B5FB7008628CC /* UIViewExtension.swift in Sources */ = {isa = PBXBuildFile; fileRef = 0B1CD6BA2C8B5F50008628CC /* UIViewExtension.swift */; };
		0B1CD70E2C8B5FB7008628CC /* Theme.swift in Sources */ = {isa = PBXBuildFile; fileRef = 0B1CD6BC2C8B5F50008628CC /* Theme.swift */; };
		739AA7F5FC65EFB5B8C836AC /* Pods_KumiTests.framework in Frameworks */ = {isa = PBXBuildFile; fileRef = 96B214361F8486E6AC17A2EE /* Pods_KumiTests.framework */; };
		8EC736D61EB28CB60087846F /* Kumi.framework in Frameworks */ = {isa = PBXBuildFile; fileRef = 8EC736CC1EB28CB60087846F /* Kumi.framework */; };
		AB5CCF0B6D9EB7BB0CA58726 /* Pods_Kumi.framework in Frameworks */ = {isa = PBXBuildFile; fileRef = FC4CF5A50CF18BF86C3F0A5E /* Pods_Kumi.framework */; };
/* End PBXBuildFile section */

/* Begin PBXContainerItemProxy section */
		8EC736D71EB28CB60087846F /* PBXContainerItemProxy */ = {
			isa = PBXContainerItemProxy;
			containerPortal = 8EC736C31EB28CB60087846F /* Project object */;
			proxyType = 1;
			remoteGlobalIDString = 8EC736CB1EB28CB60087846F;
			remoteInfo = Kumi;
		};
/* End PBXContainerItemProxy section */

/* Begin PBXFileReference section */
		0251124A7024710B80B393FE /* Pods-KumiTests.debug.xcconfig */ = {isa = PBXFileReference; includeInIndex = 1; lastKnownFileType = text.xcconfig; name = "Pods-KumiTests.debug.xcconfig"; path = "Pods/Target Support Files/Pods-KumiTests/Pods-KumiTests.debug.xcconfig"; sourceTree = "<group>"; };
		0812025D0A8EE6C4D7589FE4 /* Pods-Kumi.release.xcconfig */ = {isa = PBXFileReference; includeInIndex = 1; lastKnownFileType = text.xcconfig; name = "Pods-Kumi.release.xcconfig"; path = "Pods/Target Support Files/Pods-Kumi/Pods-Kumi.release.xcconfig"; sourceTree = "<group>"; };
		0B1CD67D2C8B5F50008628CC /* Animations.json */ = {isa = PBXFileReference; fileEncoding = 4; lastKnownFileType = text.json; path = Animations.json; sourceTree = "<group>"; };
		0B1CD67E2C8B5F50008628CC /* AnimationThemeTests.swift */ = {isa = PBXFileReference; fileEncoding = 4; lastKnownFileType = sourcecode.swift; path = AnimationThemeTests.swift; sourceTree = "<group>"; };
		0B1CD67F2C8B5F50008628CC /* CABasicAnimationStyle.json */ = {isa = PBXFileReference; fileEncoding = 4; lastKnownFileType = text.json; path = CABasicAnimationStyle.json; sourceTree = "<group>"; };
		0B1CD6802C8B5F50008628CC /* CABasicAnimationStyleTests.swift */ = {isa = PBXFileReference; fileEncoding = 4; lastKnownFileType = sourcecode.swift; path = CABasicAnimationStyleTests.swift; sourceTree = "<group>"; };
		0B1CD6812C8B5F50008628CC /* UIViewAnimationStyle.json */ = {isa = PBXFileReference; fileEncoding = 4; lastKnownFileType = text.json; path = UIViewAnimationStyle.json; sourceTree = "<group>"; };
		0B1CD6822C8B5F50008628CC /* UIViewAnimationStyleTests.swift */ = {isa = PBXFileReference; fileEncoding = 4; lastKnownFileType = sourcecode.swift; path = UIViewAnimationStyleTests.swift; sourceTree = "<group>"; };
		0B1CD6842C8B5F50008628CC /* Colors.json */ = {isa = PBXFileReference; fileEncoding = 4; lastKnownFileType = text.json; path = Colors.json; sourceTree = "<group>"; };
		0B1CD6852C8B5F50008628CC /* ColorThemeTests.swift */ = {isa = PBXFileReference; fileEncoding = 4; lastKnownFileType = sourcecode.swift; path = ColorThemeTests.swift; sourceTree = "<group>"; };
		0B1CD6872C8B5F50008628CC /* Fonts.json */ = {isa = PBXFileReference; fileEncoding = 4; lastKnownFileType = text.json; path = Fonts.json; sourceTree = "<group>"; };
		0B1CD6882C8B5F50008628CC /* FontStyle.json */ = {isa = PBXFileReference; fileEncoding = 4; lastKnownFileType = text.json; path = FontStyle.json; sourceTree = "<group>"; };
		0B1CD6892C8B5F50008628CC /* FontThemeTests.swift */ = {isa = PBXFileReference; fileEncoding = 4; lastKnownFileType = sourcecode.swift; path = FontThemeTests.swift; sourceTree = "<group>"; };
		0B1CD68A2C8B5F50008628CC /* TextStyleTests.swift */ = {isa = PBXFileReference; fileEncoding = 4; lastKnownFileType = sourcecode.swift; path = TextStyleTests.swift; sourceTree = "<group>"; };
		0B1CD68C2C8B5F50008628CC /* Layers.json */ = {isa = PBXFileReference; fileEncoding = 4; lastKnownFileType = text.json; path = Layers.json; sourceTree = "<group>"; };
		0B1CD68D2C8B5F50008628CC /* LayerStyle.json */ = {isa = PBXFileReference; fileEncoding = 4; lastKnownFileType = text.json; path = LayerStyle.json; sourceTree = "<group>"; };
		0B1CD68E2C8B5F50008628CC /* LayerStyleTests.swift */ = {isa = PBXFileReference; fileEncoding = 4; lastKnownFileType = sourcecode.swift; path = LayerStyleTests.swift; sourceTree = "<group>"; };
		0B1CD68F2C8B5F50008628CC /* LayerThemeTests.swift */ = {isa = PBXFileReference; fileEncoding = 4; lastKnownFileType = sourcecode.swift; path = LayerThemeTests.swift; sourceTree = "<group>"; };
		0B1CD6912C8B5F50008628CC /* Shadows.json */ = {isa = PBXFileReference; fileEncoding = 4; lastKnownFileType = text.json; path = Shadows.json; sourceTree = "<group>"; };
		0B1CD6922C8B5F50008628CC /* ShadowStyle.json */ = {isa = PBXFileReference; fileEncoding = 4; lastKnownFileType = text.json; path = ShadowStyle.json; sourceTree = "<group>"; };
		0B1CD6932C8B5F50008628CC /* ShadowStyleTests.swift */ = {isa = PBXFileReference; fileEncoding = 4; lastKnownFileType = sourcecode.swift; path = ShadowStyleTests.swift; sourceTree = "<group>"; };
		0B1CD6942C8B5F50008628CC /* ShadowThemeTests.swift */ = {isa = PBXFileReference; fileEncoding = 4; lastKnownFileType = sourcecode.swift; path = ShadowThemeTests.swift; sourceTree = "<group>"; };
		0B1CD6962C8B5F50008628CC /* Theme.json */ = {isa = PBXFileReference; fileEncoding = 4; lastKnownFileType = text.json; path = Theme.json; sourceTree = "<group>"; };
		0B1CD6972C8B5F50008628CC /* ThemeTests.swift */ = {isa = PBXFileReference; fileEncoding = 4; lastKnownFileType = sourcecode.swift; path = ThemeTests.swift; sourceTree = "<group>"; };
		0B1CD6992C8B5F50008628CC /* JSONHelper.swift */ = {isa = PBXFileReference; fileEncoding = 4; lastKnownFileType = sourcecode.swift; path = JSONHelper.swift; sourceTree = "<group>"; };
		0B1CD69B2C8B5F50008628CC /* Info.plist */ = {isa = PBXFileReference; fileEncoding = 4; lastKnownFileType = text.plist.xml; path = Info.plist; sourceTree = "<group>"; };
		0B1CD69D2C8B5F50008628CC /* AnimationTheme.swift */ = {isa = PBXFileReference; fileEncoding = 4; lastKnownFileType = sourcecode.swift; path = AnimationTheme.swift; sourceTree = "<group>"; };
		0B1CD69E2C8B5F50008628CC /* CABasicAnimationStyle.swift */ = {isa = PBXFileReference; fileEncoding = 4; lastKnownFileType = sourcecode.swift; path = CABasicAnimationStyle.swift; sourceTree = "<group>"; };
		0B1CD69F2C8B5F50008628CC /* CABasicAnimationStyle+JSON.swift */ = {isa = PBXFileReference; fileEncoding = 4; lastKnownFileType = sourcecode.swift; path = "CABasicAnimationStyle+JSON.swift"; sourceTree = "<group>"; };
		0B1CD6A02C8B5F50008628CC /* UIViewAnimationStyle.swift */ = {isa = PBXFileReference; fileEncoding = 4; lastKnownFileType = sourcecode.swift; path = UIViewAnimationStyle.swift; sourceTree = "<group>"; };
		0B1CD6A12C8B5F50008628CC /* UIViewAnimationStyle+JSON.swift */ = {isa = PBXFileReference; fileEncoding = 4; lastKnownFileType = sourcecode.swift; path = "UIViewAnimationStyle+JSON.swift"; sourceTree = "<group>"; };
		0B1CD6A32C8B5F50008628CC /* ColorTheme.swift */ = {isa = PBXFileReference; fileEncoding = 4; lastKnownFileType = sourcecode.swift; path = ColorTheme.swift; sourceTree = "<group>"; };
		0B1CD6A52C8B5F50008628CC /* FontTheme.swift */ = {isa = PBXFileReference; fileEncoding = 4; lastKnownFileType = sourcecode.swift; path = FontTheme.swift; sourceTree = "<group>"; };
		0B1CD6A72C8B5F50008628CC /* LayerStyle.swift */ = {isa = PBXFileReference; fileEncoding = 4; lastKnownFileType = sourcecode.swift; path = LayerStyle.swift; sourceTree = "<group>"; };
		0B1CD6A82C8B5F50008628CC /* LayerStyle+JSON.swift */ = {isa = PBXFileReference; fileEncoding = 4; lastKnownFileType = sourcecode.swift; path = "LayerStyle+JSON.swift"; sourceTree = "<group>"; };
		0B1CD6A92C8B5F50008628CC /* LayerTheme.swift */ = {isa = PBXFileReference; fileEncoding = 4; lastKnownFileType = sourcecode.swift; path = LayerTheme.swift; sourceTree = "<group>"; };
		0B1CD6AB2C8B5F50008628CC /* ShadowStyle.swift */ = {isa = PBXFileReference; fileEncoding = 4; lastKnownFileType = sourcecode.swift; path = ShadowStyle.swift; sourceTree = "<group>"; };
		0B1CD6AC2C8B5F50008628CC /* ShadowStyle+JSON.swift */ = {isa = PBXFileReference; fileEncoding = 4; lastKnownFileType = sourcecode.swift; path = "ShadowStyle+JSON.swift"; sourceTree = "<group>"; };
		0B1CD6AD2C8B5F50008628CC /* ShadowTheme.swift */ = {isa = PBXFileReference; fileEncoding = 4; lastKnownFileType = sourcecode.swift; path = ShadowTheme.swift; sourceTree = "<group>"; };
		0B1CD6AF2C8B5F50008628CC /* AlphaValue.swift */ = {isa = PBXFileReference; fileEncoding = 4; lastKnownFileType = sourcecode.swift; path = AlphaValue.swift; sourceTree = "<group>"; };
		0B1CD6B02C8B5F50008628CC /* AnimationDuration.swift */ = {isa = PBXFileReference; fileEncoding = 4; lastKnownFileType = sourcecode.swift; path = AnimationDuration.swift; sourceTree = "<group>"; };
		0B1CD6B12C8B5F50008628CC /* BorderWidth.swift */ = {isa = PBXFileReference; fileEncoding = 4; lastKnownFileType = sourcecode.swift; path = BorderWidth.swift; sourceTree = "<group>"; };
		0B1CD6B22C8B5F50008628CC /* CALayerExtension.swift */ = {isa = PBXFileReference; fileEncoding = 4; lastKnownFileType = sourcecode.swift; path = CALayerExtension.swift; sourceTree = "<group>"; };
		0B1CD6B32C8B5F50008628CC /* CAMediaTimingFunction+JSON.swift */ = {isa = PBXFileReference; fileEncoding = 4; lastKnownFileType = sourcecode.swift; path = "CAMediaTimingFunction+JSON.swift"; sourceTree = "<group>"; };
		0B1CD6B42C8B5F50008628CC /* CATransform3D+JSON.swift */ = {isa = PBXFileReference; fileEncoding = 4; lastKnownFileType = sourcecode.swift; path = "CATransform3D+JSON.swift"; sourceTree = "<group>"; };
		0B1CD6B52C8B5F50008628CC /* CGSize+JSON.swift */ = {isa = PBXFileReference; fileEncoding = 4; lastKnownFileType = sourcecode.swift; path = "CGSize+JSON.swift"; sourceTree = "<group>"; };
		0B1CD6B62C8B5F50008628CC /* CornerRadius.swift */ = {isa = PBXFileReference; fileEncoding = 4; lastKnownFileType = sourcecode.swift; path = CornerRadius.swift; sourceTree = "<group>"; };
		0B1CD6B72C8B5F50008628CC /* TextStyle+JSON.swift */ = {isa = PBXFileReference; fileEncoding = 4; lastKnownFileType = sourcecode.swift; path = "TextStyle+JSON.swift"; sourceTree = "<group>"; };
		0B1CD6B82C8B5F50008628CC /* UIColor+Extensions.swift */ = {isa = PBXFileReference; fileEncoding = 4; lastKnownFileType = sourcecode.swift; path = "UIColor+Extensions.swift"; sourceTree = "<group>"; };
		0B1CD6B92C8B5F50008628CC /* UIColor+JSON.swift */ = {isa = PBXFileReference; fileEncoding = 4; lastKnownFileType = sourcecode.swift; path = "UIColor+JSON.swift"; sourceTree = "<group>"; };
		0B1CD6BA2C8B5F50008628CC /* UIViewExtension.swift */ = {isa = PBXFileReference; fileEncoding = 4; lastKnownFileType = sourcecode.swift; path = UIViewExtension.swift; sourceTree = "<group>"; };
		0B1CD6BC2C8B5F50008628CC /* Theme.swift */ = {isa = PBXFileReference; fileEncoding = 4; lastKnownFileType = sourcecode.swift; path = Theme.swift; sourceTree = "<group>"; };
		0B1CD6BE2C8B5F50008628CC /* Info.plist */ = {isa = PBXFileReference; fileEncoding = 4; lastKnownFileType = text.plist.xml; path = Info.plist; sourceTree = "<group>"; };
		0B1CD6BF2C8B5F50008628CC /* Kumi.h */ = {isa = PBXFileReference; fileEncoding = 4; lastKnownFileType = sourcecode.c.h; path = Kumi.h; sourceTree = "<group>"; };
		8EC736CC1EB28CB60087846F /* Kumi.framework */ = {isa = PBXFileReference; explicitFileType = wrapper.framework; includeInIndex = 0; path = Kumi.framework; sourceTree = BUILT_PRODUCTS_DIR; };
		8EC736D51EB28CB60087846F /* KumiTests.xctest */ = {isa = PBXFileReference; explicitFileType = wrapper.cfbundle; includeInIndex = 0; path = KumiTests.xctest; sourceTree = BUILT_PRODUCTS_DIR; };
		96B214361F8486E6AC17A2EE /* Pods_KumiTests.framework */ = {isa = PBXFileReference; explicitFileType = wrapper.framework; includeInIndex = 0; path = Pods_KumiTests.framework; sourceTree = BUILT_PRODUCTS_DIR; };
		A2015E1EE26E9062197C1AA4 /* Pods-Kumi.debug.xcconfig */ = {isa = PBXFileReference; includeInIndex = 1; lastKnownFileType = text.xcconfig; name = "Pods-Kumi.debug.xcconfig"; path = "Pods/Target Support Files/Pods-Kumi/Pods-Kumi.debug.xcconfig"; sourceTree = "<group>"; };
		C969D8DFF51173F62569A900 /* Pods-KumiTests.release.xcconfig */ = {isa = PBXFileReference; includeInIndex = 1; lastKnownFileType = text.xcconfig; name = "Pods-KumiTests.release.xcconfig"; path = "Pods/Target Support Files/Pods-KumiTests/Pods-KumiTests.release.xcconfig"; sourceTree = "<group>"; };
		FC4CF5A50CF18BF86C3F0A5E /* Pods_Kumi.framework */ = {isa = PBXFileReference; explicitFileType = wrapper.framework; includeInIndex = 0; path = Pods_Kumi.framework; sourceTree = BUILT_PRODUCTS_DIR; };
/* End PBXFileReference section */

/* Begin PBXFrameworksBuildPhase section */
		8EC736C81EB28CB60087846F /* Frameworks */ = {
			isa = PBXFrameworksBuildPhase;
			buildActionMask = 2147483647;
			files = (
				AB5CCF0B6D9EB7BB0CA58726 /* Pods_Kumi.framework in Frameworks */,
			);
			runOnlyForDeploymentPostprocessing = 0;
		};
		8EC736D21EB28CB60087846F /* Frameworks */ = {
			isa = PBXFrameworksBuildPhase;
			buildActionMask = 2147483647;
			files = (
				8EC736D61EB28CB60087846F /* Kumi.framework in Frameworks */,
				739AA7F5FC65EFB5B8C836AC /* Pods_KumiTests.framework in Frameworks */,
			);
			runOnlyForDeploymentPostprocessing = 0;
		};
/* End PBXFrameworksBuildPhase section */

/* Begin PBXGroup section */
		0B1CD6832C8B5F50008628CC /* Animation */ = {
			isa = PBXGroup;
			children = (
				0B1CD67D2C8B5F50008628CC /* Animations.json */,
				0B1CD67E2C8B5F50008628CC /* AnimationThemeTests.swift */,
				0B1CD67F2C8B5F50008628CC /* CABasicAnimationStyle.json */,
				0B1CD6802C8B5F50008628CC /* CABasicAnimationStyleTests.swift */,
				0B1CD6812C8B5F50008628CC /* UIViewAnimationStyle.json */,
				0B1CD6822C8B5F50008628CC /* UIViewAnimationStyleTests.swift */,
			);
			path = Animation;
			sourceTree = "<group>";
		};
		0B1CD6862C8B5F50008628CC /* Color */ = {
			isa = PBXGroup;
			children = (
				0B1CD6842C8B5F50008628CC /* Colors.json */,
				0B1CD6852C8B5F50008628CC /* ColorThemeTests.swift */,
			);
			path = Color;
			sourceTree = "<group>";
		};
		0B1CD68B2C8B5F50008628CC /* Font */ = {
			isa = PBXGroup;
			children = (
				0B1CD6872C8B5F50008628CC /* Fonts.json */,
				0B1CD6882C8B5F50008628CC /* FontStyle.json */,
				0B1CD6892C8B5F50008628CC /* FontThemeTests.swift */,
				0B1CD68A2C8B5F50008628CC /* TextStyleTests.swift */,
			);
			path = Font;
			sourceTree = "<group>";
		};
		0B1CD6902C8B5F50008628CC /* Layer */ = {
			isa = PBXGroup;
			children = (
				0B1CD68C2C8B5F50008628CC /* Layers.json */,
				0B1CD68D2C8B5F50008628CC /* LayerStyle.json */,
				0B1CD68E2C8B5F50008628CC /* LayerStyleTests.swift */,
				0B1CD68F2C8B5F50008628CC /* LayerThemeTests.swift */,
			);
			path = Layer;
			sourceTree = "<group>";
		};
		0B1CD6952C8B5F50008628CC /* Shadow */ = {
			isa = PBXGroup;
			children = (
				0B1CD6912C8B5F50008628CC /* Shadows.json */,
				0B1CD6922C8B5F50008628CC /* ShadowStyle.json */,
				0B1CD6932C8B5F50008628CC /* ShadowStyleTests.swift */,
				0B1CD6942C8B5F50008628CC /* ShadowThemeTests.swift */,
			);
			path = Shadow;
			sourceTree = "<group>";
		};
		0B1CD6982C8B5F50008628CC /* Theme */ = {
			isa = PBXGroup;
			children = (
				0B1CD6962C8B5F50008628CC /* Theme.json */,
				0B1CD6972C8B5F50008628CC /* ThemeTests.swift */,
			);
			path = Theme;
			sourceTree = "<group>";
		};
		0B1CD69A2C8B5F50008628CC /* Utility */ = {
			isa = PBXGroup;
			children = (
				0B1CD6992C8B5F50008628CC /* JSONHelper.swift */,
			);
			path = Utility;
			sourceTree = "<group>";
		};
		0B1CD69C2C8B5F50008628CC /* Tests */ = {
			isa = PBXGroup;
			children = (
				0B1CD6832C8B5F50008628CC /* Animation */,
				0B1CD6862C8B5F50008628CC /* Color */,
				0B1CD68B2C8B5F50008628CC /* Font */,
				0B1CD6902C8B5F50008628CC /* Layer */,
				0B1CD6952C8B5F50008628CC /* Shadow */,
				0B1CD6982C8B5F50008628CC /* Theme */,
				0B1CD69A2C8B5F50008628CC /* Utility */,
				0B1CD69B2C8B5F50008628CC /* Info.plist */,
			);
			path = Tests;
			sourceTree = "<group>";
		};
		0B1CD6A22C8B5F50008628CC /* Animation */ = {
			isa = PBXGroup;
			children = (
				0B1CD69D2C8B5F50008628CC /* AnimationTheme.swift */,
				0B1CD69E2C8B5F50008628CC /* CABasicAnimationStyle.swift */,
				0B1CD69F2C8B5F50008628CC /* CABasicAnimationStyle+JSON.swift */,
				0B1CD6A02C8B5F50008628CC /* UIViewAnimationStyle.swift */,
				0B1CD6A12C8B5F50008628CC /* UIViewAnimationStyle+JSON.swift */,
			);
			path = Animation;
			sourceTree = "<group>";
		};
		0B1CD6A42C8B5F50008628CC /* Color */ = {
			isa = PBXGroup;
			children = (
				0B1CD6A32C8B5F50008628CC /* ColorTheme.swift */,
			);
			path = Color;
			sourceTree = "<group>";
		};
		0B1CD6A62C8B5F50008628CC /* Font */ = {
			isa = PBXGroup;
			children = (
				0B1CD6A52C8B5F50008628CC /* FontTheme.swift */,
			);
			path = Font;
			sourceTree = "<group>";
		};
		0B1CD6AA2C8B5F50008628CC /* Layer */ = {
			isa = PBXGroup;
			children = (
				0B1CD6A72C8B5F50008628CC /* LayerStyle.swift */,
				0B1CD6A82C8B5F50008628CC /* LayerStyle+JSON.swift */,
				0B1CD6A92C8B5F50008628CC /* LayerTheme.swift */,
			);
			path = Layer;
			sourceTree = "<group>";
		};
		0B1CD6AE2C8B5F50008628CC /* Shadow */ = {
			isa = PBXGroup;
			children = (
				0B1CD6AB2C8B5F50008628CC /* ShadowStyle.swift */,
				0B1CD6AC2C8B5F50008628CC /* ShadowStyle+JSON.swift */,
				0B1CD6AD2C8B5F50008628CC /* ShadowTheme.swift */,
			);
			path = Shadow;
			sourceTree = "<group>";
		};
		0B1CD6BB2C8B5F50008628CC /* Utility */ = {
			isa = PBXGroup;
			children = (
				0B1CD6AF2C8B5F50008628CC /* AlphaValue.swift */,
				0B1CD6B02C8B5F50008628CC /* AnimationDuration.swift */,
				0B1CD6B12C8B5F50008628CC /* BorderWidth.swift */,
				0B1CD6B22C8B5F50008628CC /* CALayerExtension.swift */,
				0B1CD6B32C8B5F50008628CC /* CAMediaTimingFunction+JSON.swift */,
				0B1CD6B42C8B5F50008628CC /* CATransform3D+JSON.swift */,
				0B1CD6B52C8B5F50008628CC /* CGSize+JSON.swift */,
				0B1CD6B62C8B5F50008628CC /* CornerRadius.swift */,
				0B1CD6B72C8B5F50008628CC /* TextStyle+JSON.swift */,
				0B1CD6B82C8B5F50008628CC /* UIColor+Extensions.swift */,
				0B1CD6B92C8B5F50008628CC /* UIColor+JSON.swift */,
				0B1CD6BA2C8B5F50008628CC /* UIViewExtension.swift */,
			);
			path = Utility;
			sourceTree = "<group>";
		};
		0B1CD6BD2C8B5F50008628CC /* Core */ = {
			isa = PBXGroup;
			children = (
				0B1CD6A22C8B5F50008628CC /* Animation */,
				0B1CD6A42C8B5F50008628CC /* Color */,
				0B1CD6A62C8B5F50008628CC /* Font */,
				0B1CD6AA2C8B5F50008628CC /* Layer */,
				0B1CD6AE2C8B5F50008628CC /* Shadow */,
				0B1CD6BB2C8B5F50008628CC /* Utility */,
				0B1CD6BC2C8B5F50008628CC /* Theme.swift */,
			);
			path = Core;
			sourceTree = "<group>";
		};
		0B1CD6C02C8B5F50008628CC /* Sources */ = {
			isa = PBXGroup;
			children = (
				0B1CD6BD2C8B5F50008628CC /* Core */,
				0B1CD6BE2C8B5F50008628CC /* Info.plist */,
				0B1CD6BF2C8B5F50008628CC /* Kumi.h */,
			);
			path = Sources;
			sourceTree = "<group>";
		};
		5F79F9AF9E8405D517EA61F7 /* Frameworks */ = {
			isa = PBXGroup;
			children = (
				FC4CF5A50CF18BF86C3F0A5E /* Pods_Kumi.framework */,
				96B214361F8486E6AC17A2EE /* Pods_KumiTests.framework */,
			);
			name = Frameworks;
			sourceTree = "<group>";
		};
		8EC736C21EB28CB60087846F = {
			isa = PBXGroup;
			children = (
				0B1CD6C02C8B5F50008628CC /* Sources */,
				0B1CD69C2C8B5F50008628CC /* Tests */,
				8EC736CD1EB28CB60087846F /* Products */,
				F32D11083DE4B5B87424B869 /* Pods */,
				5F79F9AF9E8405D517EA61F7 /* Frameworks */,
			);
			sourceTree = "<group>";
		};
		8EC736CD1EB28CB60087846F /* Products */ = {
			isa = PBXGroup;
			children = (
				8EC736CC1EB28CB60087846F /* Kumi.framework */,
				8EC736D51EB28CB60087846F /* KumiTests.xctest */,
			);
			name = Products;
			sourceTree = "<group>";
		};
		F32D11083DE4B5B87424B869 /* Pods */ = {
			isa = PBXGroup;
			children = (
				A2015E1EE26E9062197C1AA4 /* Pods-Kumi.debug.xcconfig */,
				0812025D0A8EE6C4D7589FE4 /* Pods-Kumi.release.xcconfig */,
				0251124A7024710B80B393FE /* Pods-KumiTests.debug.xcconfig */,
				C969D8DFF51173F62569A900 /* Pods-KumiTests.release.xcconfig */,
			);
			name = Pods;
			sourceTree = "<group>";
		};
/* End PBXGroup section */

/* Begin PBXHeadersBuildPhase section */
		8EC736C91EB28CB60087846F /* Headers */ = {
			isa = PBXHeadersBuildPhase;
			buildActionMask = 2147483647;
			files = (
				0B1CD6F42C8B5F50008628CC /* Kumi.h in Headers */,
			);
			runOnlyForDeploymentPostprocessing = 0;
		};
/* End PBXHeadersBuildPhase section */

/* Begin PBXNativeTarget section */
		8EC736CB1EB28CB60087846F /* Kumi */ = {
			isa = PBXNativeTarget;
			buildConfigurationList = 8EC736E01EB28CB70087846F /* Build configuration list for PBXNativeTarget "Kumi" */;
			buildPhases = (
				585CBC04231949CD5625FC69 /* [CP] Check Pods Manifest.lock */,
				8EC736C71EB28CB60087846F /* Sources */,
				8EC736C81EB28CB60087846F /* Frameworks */,
				8EC736C91EB28CB60087846F /* Headers */,
				8EC736CA1EB28CB60087846F /* Resources */,
			);
			buildRules = (
			);
			dependencies = (
			);
			name = Kumi;
			productName = Kumi;
			productReference = 8EC736CC1EB28CB60087846F /* Kumi.framework */;
			productType = "com.apple.product-type.framework";
		};
		8EC736D41EB28CB60087846F /* KumiTests */ = {
			isa = PBXNativeTarget;
			buildConfigurationList = 8EC736E31EB28CB70087846F /* Build configuration list for PBXNativeTarget "KumiTests" */;
			buildPhases = (
				D8759F2CF40E51A495AC2621 /* [CP] Check Pods Manifest.lock */,
				8EC736D11EB28CB60087846F /* Sources */,
				8EC736D21EB28CB60087846F /* Frameworks */,
				8EC736D31EB28CB60087846F /* Resources */,
				C8DF7ABC0BCFF8F77D3A256F /* [CP] Embed Pods Frameworks */,
			);
			buildRules = (
			);
			dependencies = (
				8EC736D81EB28CB60087846F /* PBXTargetDependency */,
			);
			name = KumiTests;
			productName = KumiTests;
			productReference = 8EC736D51EB28CB60087846F /* KumiTests.xctest */;
			productType = "com.apple.product-type.bundle.unit-test";
		};
/* End PBXNativeTarget section */

/* Begin PBXProject section */
		8EC736C31EB28CB60087846F /* Project object */ = {
			isa = PBXProject;
			attributes = {
				LastSwiftUpdateCheck = 0830;
				LastUpgradeCheck = 1120;
				ORGANIZATIONNAME = "Prolific Interactive";
				TargetAttributes = {
					8EC736CB1EB28CB60087846F = {
						CreatedOnToolsVersion = 8.3.2;
						DevelopmentTeam = 5ZZ7W4SB26;
						LastSwiftMigration = 0900;
						ProvisioningStyle = Automatic;
					};
					8EC736D41EB28CB60087846F = {
						CreatedOnToolsVersion = 8.3.2;
						DevelopmentTeam = 5ZZ7W4SB26;
						LastSwiftMigration = 0900;
						ProvisioningStyle = Automatic;
					};
				};
			};
			buildConfigurationList = 8EC736C61EB28CB60087846F /* Build configuration list for PBXProject "Kumi" */;
			compatibilityVersion = "Xcode 3.2";
			developmentRegion = English;
			hasScannedForEncodings = 0;
			knownRegions = (
				English,
				en,
			);
			mainGroup = 8EC736C21EB28CB60087846F;
			productRefGroup = 8EC736CD1EB28CB60087846F /* Products */;
			projectDirPath = "";
			projectRoot = "";
			targets = (
				8EC736CB1EB28CB60087846F /* Kumi */,
				8EC736D41EB28CB60087846F /* KumiTests */,
			);
		};
/* End PBXProject section */

/* Begin PBXResourcesBuildPhase section */
		8EC736CA1EB28CB60087846F /* Resources */ = {
			isa = PBXResourcesBuildPhase;
			buildActionMask = 2147483647;
			files = (
				0B1CD6CA2C8B5F50008628CC /* FontStyle.json in Resources */,
				0B1CD6D12C8B5F50008628CC /* Shadows.json in Resources */,
				0B1CD6C12C8B5F50008628CC /* Animations.json in Resources */,
				0B1CD6C72C8B5F50008628CC /* Colors.json in Resources */,
				0B1CD6CD2C8B5F50008628CC /* Layers.json in Resources */,
				0B1CD6D52C8B5F50008628CC /* Theme.json in Resources */,
				0B1CD6C92C8B5F50008628CC /* Fonts.json in Resources */,
				0B1CD6CE2C8B5F50008628CC /* LayerStyle.json in Resources */,
				0B1CD6D22C8B5F50008628CC /* ShadowStyle.json in Resources */,
				0B1CD6C52C8B5F50008628CC /* UIViewAnimationStyle.json in Resources */,
				0B1CD6C32C8B5F50008628CC /* CABasicAnimationStyle.json in Resources */,
			);
			runOnlyForDeploymentPostprocessing = 0;
		};
		8EC736D31EB28CB60087846F /* Resources */ = {
			isa = PBXResourcesBuildPhase;
			buildActionMask = 2147483647;
			files = (
			);
			runOnlyForDeploymentPostprocessing = 0;
		};
/* End PBXResourcesBuildPhase section */

/* Begin PBXShellScriptBuildPhase section */
		585CBC04231949CD5625FC69 /* [CP] Check Pods Manifest.lock */ = {
			isa = PBXShellScriptBuildPhase;
			buildActionMask = 2147483647;
			files = (
			);
			inputPaths = (
				"${PODS_PODFILE_DIR_PATH}/Podfile.lock",
				"${PODS_ROOT}/Manifest.lock",
			);
			name = "[CP] Check Pods Manifest.lock";
			outputPaths = (
				"$(DERIVED_FILE_DIR)/Pods-Kumi-checkManifestLockResult.txt",
			);
			runOnlyForDeploymentPostprocessing = 0;
			shellPath = /bin/sh;
			shellScript = "diff \"${PODS_PODFILE_DIR_PATH}/Podfile.lock\" \"${PODS_ROOT}/Manifest.lock\" > /dev/null\nif [ $? != 0 ] ; then\n    # print error to STDERR\n    echo \"error: The sandbox is not in sync with the Podfile.lock. Run 'pod install' or update your CocoaPods installation.\" >&2\n    exit 1\nfi\n# This output is used by Xcode 'outputs' to avoid re-running this script phase.\necho \"SUCCESS\" > \"${SCRIPT_OUTPUT_FILE_0}\"\n";
			showEnvVarsInLog = 0;
		};
		C8DF7ABC0BCFF8F77D3A256F /* [CP] Embed Pods Frameworks */ = {
			isa = PBXShellScriptBuildPhase;
			buildActionMask = 2147483647;
			files = (
			);
			inputPaths = (
				"${PODS_ROOT}/Target Support Files/Pods-KumiTests/Pods-KumiTests-frameworks.sh",
				"${BUILT_PRODUCTS_DIR}/Marker/Marker.framework",
			);
			name = "[CP] Embed Pods Frameworks";
			outputPaths = (
				"${TARGET_BUILD_DIR}/${FRAMEWORKS_FOLDER_PATH}/Marker.framework",
			);
			runOnlyForDeploymentPostprocessing = 0;
			shellPath = /bin/sh;
			shellScript = "\"${PODS_ROOT}/Target Support Files/Pods-KumiTests/Pods-KumiTests-frameworks.sh\"\n";
			showEnvVarsInLog = 0;
		};
		D8759F2CF40E51A495AC2621 /* [CP] Check Pods Manifest.lock */ = {
			isa = PBXShellScriptBuildPhase;
			buildActionMask = 2147483647;
			files = (
			);
			inputPaths = (
				"${PODS_PODFILE_DIR_PATH}/Podfile.lock",
				"${PODS_ROOT}/Manifest.lock",
			);
			name = "[CP] Check Pods Manifest.lock";
			outputPaths = (
				"$(DERIVED_FILE_DIR)/Pods-KumiTests-checkManifestLockResult.txt",
			);
			runOnlyForDeploymentPostprocessing = 0;
			shellPath = /bin/sh;
			shellScript = "diff \"${PODS_PODFILE_DIR_PATH}/Podfile.lock\" \"${PODS_ROOT}/Manifest.lock\" > /dev/null\nif [ $? != 0 ] ; then\n    # print error to STDERR\n    echo \"error: The sandbox is not in sync with the Podfile.lock. Run 'pod install' or update your CocoaPods installation.\" >&2\n    exit 1\nfi\n# This output is used by Xcode 'outputs' to avoid re-running this script phase.\necho \"SUCCESS\" > \"${SCRIPT_OUTPUT_FILE_0}\"\n";
			showEnvVarsInLog = 0;
		};
/* End PBXShellScriptBuildPhase section */

/* Begin PBXSourcesBuildPhase section */
		8EC736C71EB28CB60087846F /* Sources */ = {
			isa = PBXSourcesBuildPhase;
			buildActionMask = 2147483647;
			files = (
				0B1CD6F52C8B5FB7008628CC /* AnimationTheme.swift in Sources */,
				0B1CD6F62C8B5FB7008628CC /* CABasicAnimationStyle.swift in Sources */,
				0B1CD6F72C8B5FB7008628CC /* CABasicAnimationStyle+JSON.swift in Sources */,
				0B1CD6F82C8B5FB7008628CC /* UIViewAnimationStyle.swift in Sources */,
				0B1CD6F92C8B5FB7008628CC /* UIViewAnimationStyle+JSON.swift in Sources */,
				0B1CD6FA2C8B5FB7008628CC /* ColorTheme.swift in Sources */,
				0B1CD6FB2C8B5FB7008628CC /* FontTheme.swift in Sources */,
				0B1CD6FC2C8B5FB7008628CC /* LayerStyle.swift in Sources */,
				0B1CD6FD2C8B5FB7008628CC /* LayerStyle+JSON.swift in Sources */,
				0B1CD6FE2C8B5FB7008628CC /* LayerTheme.swift in Sources */,
				0B1CD6FF2C8B5FB7008628CC /* ShadowStyle.swift in Sources */,
				0B1CD7002C8B5FB7008628CC /* ShadowStyle+JSON.swift in Sources */,
				0B1CD7012C8B5FB7008628CC /* ShadowTheme.swift in Sources */,
				0B1CD7022C8B5FB7008628CC /* AlphaValue.swift in Sources */,
				0B1CD7032C8B5FB7008628CC /* AnimationDuration.swift in Sources */,
				0B1CD7042C8B5FB7008628CC /* BorderWidth.swift in Sources */,
				0B1CD7052C8B5FB7008628CC /* CALayerExtension.swift in Sources */,
				0B1CD7062C8B5FB7008628CC /* CAMediaTimingFunction+JSON.swift in Sources */,
				0B1CD7072C8B5FB7008628CC /* CATransform3D+JSON.swift in Sources */,
				0B1CD7082C8B5FB7008628CC /* CGSize+JSON.swift in Sources */,
				0B1CD7092C8B5FB7008628CC /* CornerRadius.swift in Sources */,
				0B1CD70A2C8B5FB7008628CC /* TextStyle+JSON.swift in Sources */,
				0B1CD70B2C8B5FB7008628CC /* UIColor+Extensions.swift in Sources */,
				0B1CD70C2C8B5FB7008628CC /* UIColor+JSON.swift in Sources */,
				0B1CD70D2C8B5FB7008628CC /* UIViewExtension.swift in Sources */,
				0B1CD70E2C8B5FB7008628CC /* Theme.swift in Sources */,
			);
			runOnlyForDeploymentPostprocessing = 0;
		};
		8EC736D11EB28CB60087846F /* Sources */ = {
			isa = PBXSourcesBuildPhase;
			buildActionMask = 2147483647;
			files = (
			);
			runOnlyForDeploymentPostprocessing = 0;
		};
/* End PBXSourcesBuildPhase section */

/* Begin PBXTargetDependency section */
		8EC736D81EB28CB60087846F /* PBXTargetDependency */ = {
			isa = PBXTargetDependency;
			target = 8EC736CB1EB28CB60087846F /* Kumi */;
			targetProxy = 8EC736D71EB28CB60087846F /* PBXContainerItemProxy */;
		};
/* End PBXTargetDependency section */

/* Begin XCBuildConfiguration section */
		8EC736DE1EB28CB70087846F /* Debug */ = {
			isa = XCBuildConfiguration;
			buildSettings = {
				ALWAYS_SEARCH_USER_PATHS = NO;
				CLANG_ANALYZER_LOCALIZABILITY_NONLOCALIZED = YES;
				CLANG_ANALYZER_NONNULL = YES;
				CLANG_ANALYZER_NUMBER_OBJECT_CONVERSION = YES_AGGRESSIVE;
				CLANG_CXX_LANGUAGE_STANDARD = "gnu++0x";
				CLANG_CXX_LIBRARY = "libc++";
				CLANG_ENABLE_MODULES = YES;
				CLANG_ENABLE_OBJC_ARC = YES;
				CLANG_WARN_BLOCK_CAPTURE_AUTORELEASING = YES;
				CLANG_WARN_BOOL_CONVERSION = YES;
				CLANG_WARN_COMMA = YES;
				CLANG_WARN_CONSTANT_CONVERSION = YES;
				CLANG_WARN_DEPRECATED_OBJC_IMPLEMENTATIONS = YES;
				CLANG_WARN_DIRECT_OBJC_ISA_USAGE = YES_ERROR;
				CLANG_WARN_DOCUMENTATION_COMMENTS = YES;
				CLANG_WARN_EMPTY_BODY = YES;
				CLANG_WARN_ENUM_CONVERSION = YES;
				CLANG_WARN_INFINITE_RECURSION = YES;
				CLANG_WARN_INT_CONVERSION = YES;
				CLANG_WARN_NON_LITERAL_NULL_CONVERSION = YES;
				CLANG_WARN_OBJC_IMPLICIT_RETAIN_SELF = YES;
				CLANG_WARN_OBJC_LITERAL_CONVERSION = YES;
				CLANG_WARN_OBJC_ROOT_CLASS = YES_ERROR;
				CLANG_WARN_RANGE_LOOP_ANALYSIS = YES;
				CLANG_WARN_STRICT_PROTOTYPES = YES;
				CLANG_WARN_SUSPICIOUS_MOVE = YES;
				CLANG_WARN_UNREACHABLE_CODE = YES;
				CLANG_WARN__DUPLICATE_METHOD_MATCH = YES;
				"CODE_SIGN_IDENTITY[sdk=iphoneos*]" = "iPhone Developer";
				COPY_PHASE_STRIP = NO;
				CURRENT_PROJECT_VERSION = 1;
				DEBUG_INFORMATION_FORMAT = dwarf;
				ENABLE_STRICT_OBJC_MSGSEND = YES;
				ENABLE_TESTABILITY = YES;
				GCC_C_LANGUAGE_STANDARD = gnu99;
				GCC_DYNAMIC_NO_PIC = NO;
				GCC_NO_COMMON_BLOCKS = YES;
				GCC_OPTIMIZATION_LEVEL = 0;
				GCC_PREPROCESSOR_DEFINITIONS = (
					"DEBUG=1",
					"$(inherited)",
				);
				GCC_WARN_64_TO_32_BIT_CONVERSION = YES;
				GCC_WARN_ABOUT_RETURN_TYPE = YES_ERROR;
				GCC_WARN_UNDECLARED_SELECTOR = YES;
				GCC_WARN_UNINITIALIZED_AUTOS = YES_AGGRESSIVE;
				GCC_WARN_UNUSED_FUNCTION = YES;
				GCC_WARN_UNUSED_VARIABLE = YES;
				GENERATE_INFOPLIST_FILE = YES;
				IPHONEOS_DEPLOYMENT_TARGET = 12.0;
				MTL_ENABLE_DEBUG_INFO = YES;
				ONLY_ACTIVE_ARCH = YES;
				SDKROOT = iphoneos;
				SWIFT_ACTIVE_COMPILATION_CONDITIONS = DEBUG;
				SWIFT_OPTIMIZATION_LEVEL = "-Onone";
				TARGETED_DEVICE_FAMILY = "1,2";
				VERSIONING_SYSTEM = "apple-generic";
				VERSION_INFO_PREFIX = "";
			};
			name = Debug;
		};
		8EC736DF1EB28CB70087846F /* Release */ = {
			isa = XCBuildConfiguration;
			buildSettings = {
				ALWAYS_SEARCH_USER_PATHS = NO;
				CLANG_ANALYZER_LOCALIZABILITY_NONLOCALIZED = YES;
				CLANG_ANALYZER_NONNULL = YES;
				CLANG_ANALYZER_NUMBER_OBJECT_CONVERSION = YES_AGGRESSIVE;
				CLANG_CXX_LANGUAGE_STANDARD = "gnu++0x";
				CLANG_CXX_LIBRARY = "libc++";
				CLANG_ENABLE_MODULES = YES;
				CLANG_ENABLE_OBJC_ARC = YES;
				CLANG_WARN_BLOCK_CAPTURE_AUTORELEASING = YES;
				CLANG_WARN_BOOL_CONVERSION = YES;
				CLANG_WARN_COMMA = YES;
				CLANG_WARN_CONSTANT_CONVERSION = YES;
				CLANG_WARN_DEPRECATED_OBJC_IMPLEMENTATIONS = YES;
				CLANG_WARN_DIRECT_OBJC_ISA_USAGE = YES_ERROR;
				CLANG_WARN_DOCUMENTATION_COMMENTS = YES;
				CLANG_WARN_EMPTY_BODY = YES;
				CLANG_WARN_ENUM_CONVERSION = YES;
				CLANG_WARN_INFINITE_RECURSION = YES;
				CLANG_WARN_INT_CONVERSION = YES;
				CLANG_WARN_NON_LITERAL_NULL_CONVERSION = YES;
				CLANG_WARN_OBJC_IMPLICIT_RETAIN_SELF = YES;
				CLANG_WARN_OBJC_LITERAL_CONVERSION = YES;
				CLANG_WARN_OBJC_ROOT_CLASS = YES_ERROR;
				CLANG_WARN_RANGE_LOOP_ANALYSIS = YES;
				CLANG_WARN_STRICT_PROTOTYPES = YES;
				CLANG_WARN_SUSPICIOUS_MOVE = YES;
				CLANG_WARN_UNREACHABLE_CODE = YES;
				CLANG_WARN__DUPLICATE_METHOD_MATCH = YES;
				"CODE_SIGN_IDENTITY[sdk=iphoneos*]" = "iPhone Developer";
				COPY_PHASE_STRIP = NO;
				CURRENT_PROJECT_VERSION = 1;
				DEBUG_INFORMATION_FORMAT = "dwarf-with-dsym";
				ENABLE_NS_ASSERTIONS = NO;
				ENABLE_STRICT_OBJC_MSGSEND = YES;
				GCC_C_LANGUAGE_STANDARD = gnu99;
				GCC_NO_COMMON_BLOCKS = YES;
				GCC_WARN_64_TO_32_BIT_CONVERSION = YES;
				GCC_WARN_ABOUT_RETURN_TYPE = YES_ERROR;
				GCC_WARN_UNDECLARED_SELECTOR = YES;
				GCC_WARN_UNINITIALIZED_AUTOS = YES_AGGRESSIVE;
				GCC_WARN_UNUSED_FUNCTION = YES;
				GCC_WARN_UNUSED_VARIABLE = YES;
				GENERATE_INFOPLIST_FILE = YES;
				IPHONEOS_DEPLOYMENT_TARGET = 12.0;
				MTL_ENABLE_DEBUG_INFO = NO;
				SDKROOT = iphoneos;
				SWIFT_OPTIMIZATION_LEVEL = "-Owholemodule";
				TARGETED_DEVICE_FAMILY = "1,2";
				VALIDATE_PRODUCT = YES;
				VERSIONING_SYSTEM = "apple-generic";
				VERSION_INFO_PREFIX = "";
			};
			name = Release;
		};
		8EC736E11EB28CB70087846F /* Debug */ = {
			isa = XCBuildConfiguration;
			baseConfigurationReference = A2015E1EE26E9062197C1AA4 /* Pods-Kumi.debug.xcconfig */;
			buildSettings = {
				CLANG_ENABLE_MODULES = YES;
				CODE_SIGN_IDENTITY = "";
				DEFINES_MODULE = YES;
				DEVELOPMENT_TEAM = 5ZZ7W4SB26;
				DYLIB_COMPATIBILITY_VERSION = 1;
				DYLIB_CURRENT_VERSION = 1;
				DYLIB_INSTALL_NAME_BASE = "@rpath";
				GENERATE_INFOPLIST_FILE = YES;
				INSTALL_PATH = "$(LOCAL_LIBRARY_DIR)/Frameworks";
				LD_RUNPATH_SEARCH_PATHS = "$(inherited) @executable_path/Frameworks @loader_path/Frameworks";
				PRODUCT_BUNDLE_IDENTIFIER = com.prolificinteractive.Kumi;
				PRODUCT_NAME = "$(TARGET_NAME)";
				SKIP_INSTALL = YES;
				SWIFT_OPTIMIZATION_LEVEL = "-Onone";
				SWIFT_VERSION = 5.0;
			};
			name = Debug;
		};
		8EC736E21EB28CB70087846F /* Release */ = {
			isa = XCBuildConfiguration;
			baseConfigurationReference = 0812025D0A8EE6C4D7589FE4 /* Pods-Kumi.release.xcconfig */;
			buildSettings = {
				CLANG_ENABLE_MODULES = YES;
				CODE_SIGN_IDENTITY = "";
				DEFINES_MODULE = YES;
				DEVELOPMENT_TEAM = 5ZZ7W4SB26;
				DYLIB_COMPATIBILITY_VERSION = 1;
				DYLIB_CURRENT_VERSION = 1;
				DYLIB_INSTALL_NAME_BASE = "@rpath";
				GENERATE_INFOPLIST_FILE = YES;
				INSTALL_PATH = "$(LOCAL_LIBRARY_DIR)/Frameworks";
				LD_RUNPATH_SEARCH_PATHS = "$(inherited) @executable_path/Frameworks @loader_path/Frameworks";
				PRODUCT_BUNDLE_IDENTIFIER = com.prolificinteractive.Kumi;
				PRODUCT_NAME = "$(TARGET_NAME)";
				SKIP_INSTALL = YES;
				SWIFT_VERSION = 5.0;
			};
			name = Release;
		};
		8EC736E41EB28CB70087846F /* Debug */ = {
			isa = XCBuildConfiguration;
			baseConfigurationReference = 0251124A7024710B80B393FE /* Pods-KumiTests.debug.xcconfig */;
			buildSettings = {
				ALWAYS_EMBED_SWIFT_STANDARD_LIBRARIES = YES;
				DEVELOPMENT_TEAM = 5ZZ7W4SB26;
				GENERATE_INFOPLIST_FILE = YES;
				LD_RUNPATH_SEARCH_PATHS = "$(inherited) @executable_path/Frameworks @loader_path/Frameworks";
				PRODUCT_BUNDLE_IDENTIFIER = com.prolificinteractive.KumiTests;
				PRODUCT_NAME = "$(TARGET_NAME)";
				SWIFT_VERSION = 5.0;
			};
			name = Debug;
		};
		8EC736E51EB28CB70087846F /* Release */ = {
			isa = XCBuildConfiguration;
			baseConfigurationReference = C969D8DFF51173F62569A900 /* Pods-KumiTests.release.xcconfig */;
			buildSettings = {
				ALWAYS_EMBED_SWIFT_STANDARD_LIBRARIES = YES;
				DEVELOPMENT_TEAM = 5ZZ7W4SB26;
				GENERATE_INFOPLIST_FILE = YES;
				LD_RUNPATH_SEARCH_PATHS = "$(inherited) @executable_path/Frameworks @loader_path/Frameworks";
				PRODUCT_BUNDLE_IDENTIFIER = com.prolificinteractive.KumiTests;
				PRODUCT_NAME = "$(TARGET_NAME)";
				SWIFT_VERSION = 5.0;
			};
			name = Release;
		};
/* End XCBuildConfiguration section */

/* Begin XCConfigurationList section */
		8EC736C61EB28CB60087846F /* Build configuration list for PBXProject "Kumi" */ = {
			isa = XCConfigurationList;
			buildConfigurations = (
				8EC736DE1EB28CB70087846F /* Debug */,
				8EC736DF1EB28CB70087846F /* Release */,
			);
			defaultConfigurationIsVisible = 0;
			defaultConfigurationName = Release;
		};
		8EC736E01EB28CB70087846F /* Build configuration list for PBXNativeTarget "Kumi" */ = {
			isa = XCConfigurationList;
			buildConfigurations = (
				8EC736E11EB28CB70087846F /* Debug */,
				8EC736E21EB28CB70087846F /* Release */,
			);
			defaultConfigurationIsVisible = 0;
			defaultConfigurationName = Release;
		};
		8EC736E31EB28CB70087846F /* Build configuration list for PBXNativeTarget "KumiTests" */ = {
			isa = XCConfigurationList;
			buildConfigurations = (
				8EC736E41EB28CB70087846F /* Debug */,
				8EC736E51EB28CB70087846F /* Release */,
			);
			defaultConfigurationIsVisible = 0;
			defaultConfigurationName = Release;
		};
/* End XCConfigurationList section */
	};
	rootObject = 8EC736C31EB28CB60087846F /* Project object */;
}
